
Microsoft Visual Studio Solution File, Format Version 12.00
# Visual Studio Version 16
VisualStudioVersion = 16.0.29920.165
MinimumVisualStudioVersion = 10.0.40219.1
Project("{9A19103F-16F7-4668-BE54-9A1E7A4F7556}") = "LABA2a", "ConsoleApp2\LABA2a.csproj", "{87D4F646-CAF9-4406-B384-3787C2E8951E}"
EndProject
Global
	GlobalSection(SolutionConfigurationPlatforms) = preSolution
		Debug|Any CPU = Debug|Any CPU
		Release|Any CPU = Release|Any CPU
	EndGlobalSection
	GlobalSection(ProjectConfigurationPlatforms) = postSolution
		{87D4F646-CAF9-4406-B384-3787C2E8951E}.Debug|Any CPU.ActiveCfg = Debug|Any CPU
		{87D4F646-CAF9-4406-B384-3787C2E8951E}.Debug|Any CPU.Build.0 = Debug|Any CPU
		{87D4F646-CAF9-4406-B384-3787C2E8951E}.Release|Any CPU.ActiveCfg = Release|Any CPU
		{87D4F646-CAF9-4406-B384-3787C2E8951E}.Release|Any CPU.Build.0 = Release|Any CPU
	EndGlobalSection
	GlobalSection(SolutionProperties) = preSolution
		HideSolutionNode = FALSE
	EndGlobalSection
	GlobalSection(ExtensibilityGlobals) = postSolution
		SolutionGuid = {62EFE324-AD66-4B40-BB51-385260F18E0F}
	EndGlobalSection
EndGlobal
